{
  "requires": true,
  "lockfileVersion": 1,
  "dependencies": {
    "hquery.php": {
      "version": "1.7.0",
      "resolved": "https://registry.npmjs.org/hquery.php/-/hquery.php-1.7.0.tgz",
      "integrity": "sha512-icCRyjT8/z01uK2s2j3GHKSYxHYo5aETxxwyGIT6IsLHgAjGtgmU4btYF1TB1baYzb9Gxa+kR2H2gNB/xDnUzQ=="
    }
  }
}
