{
  "requires": true,
  "lockfileVersion": 1,
  "dependencies": {
    "composer": {
      "version": "3.0.1",
      "resolved": "https://registry.npmjs.org/composer/-/composer-3.0.1.tgz",
      "integrity": "sha512-Jo62ITr0gTBzQiiOGBwDz+Q3Ll9MihF4YE8RpD0yhcQuOz/w5b3DhNKPPv0O1RDkbO6Of5h30u3HA5I/kayOkQ==",
      "requires": {
        "nanoseconds": "1.0.1",
        "pretty-time": "1.0.0",
        "use": "3.1.0"
      }
    },
    "is-number": {
      "version": "5.0.0",
      "resolved": "https://registry.npmjs.org/is-number/-/is-number-5.0.0.tgz",
      "integrity": "sha512-LmVHHP5dTJwrwZg2Jjqp7K5jpvcnYvYD1LMpvGadMsMv5+WXoDSLBQ0+zmuBJmuZGh2J2K845ygj/YukxUnr4A=="
    },
    "kind-of": {
      "version": "6.0.2",
      "resolved": "https://registry.npmjs.org/kind-of/-/kind-of-6.0.2.tgz",
      "integrity": "sha512-s5kLOcnH0XqDO+FvuaLX8DDjZ18CGFk7VygH40QoKPUQhW4e2rvM0rwUq0t8IQDOwYSeLK01U90OjzBTme2QqA=="
    },
    "nanoseconds": {
      "version": "1.0.1",
      "resolved": "https://registry.npmjs.org/nanoseconds/-/nanoseconds-1.0.1.tgz",
      "integrity": "sha512-fLbtBoaFlCdjq+LNaDTLXHQh8U3rKDUGRBY0BO2Xjgi1vt+X/6xF6gOkNbYolZboYAeM8o3eOZCOcDJZdogCEg=="
    },
    "pretty-time": {
      "version": "1.0.0",
      "resolved": "https://registry.npmjs.org/pretty-time/-/pretty-time-1.0.0.tgz",
      "integrity": "sha512-+8bAuWoeG7CBA4Yz5NrcN8NyjD86YcrlxquWlYRLgfwxzXtbHXUnPWeXW5jzTsBwaEf89KNM0luWnRXh6l02EA==",
      "requires": {
        "is-number": "5.0.0",
        "nanoseconds": "1.0.1"
      }
    },
    "push.js": {
      "version": "1.0.5",
      "resolved": "https://registry.npmjs.org/push.js/-/push.js-1.0.5.tgz",
      "integrity": "sha1-us9XIYup3bqL2qw3KRg666+sPUk="
    },
    "use": {
      "version": "3.1.0",
      "resolved": "https://registry.npmjs.org/use/-/use-3.1.0.tgz",
      "integrity": "sha512-6UJEQM/L+mzC3ZJNM56Q4DFGLX/evKGRg15UJHGB9X5j5Z3AFbgZvjUh2yq/UJUY4U5dh7Fal++XbNg1uzpRAw==",
      "requires": {
        "kind-of": "6.0.2"
      }
    }
  }
}
